
Microsoft Visual Studio Solution File, Format Version 12.00
# Visual Studio Version 17
VisualStudioVersion = 17.5.002.0
MinimumVisualStudioVersion = 10.0.40219.1
Project("{9A19103F-16F7-4668-BE54-9A1E7A4F7556}") = "Api", "Api.csproj", "{B5F17FF5-5483-4FAF-81AF-19A4A6879F0E}"
EndProject
Global
	GlobalSection(SolutionConfigurationPlatforms) = preSolution
		Debug|Any CPU = Debug|Any CPU
		Release|Any CPU = Release|Any CPU
	EndGlobalSection
	GlobalSection(ProjectConfigurationPlatforms) = postSolution
		{B5F17FF5-5483-4FAF-81AF-19A4A6879F0E}.Debug|Any CPU.ActiveCfg = Debug|Any CPU
		{B5F17FF5-5483-4FAF-81AF-19A4A6879F0E}.Debug|Any CPU.Build.0 = Debug|Any CPU
		{B5F17FF5-5483-4FAF-81AF-19A4A6879F0E}.Release|Any CPU.ActiveCfg = Release|Any CPU
		{B5F17FF5-5483-4FAF-81AF-19A4A6879F0E}.Release|Any CPU.Build.0 = Release|Any CPU
	EndGlobalSection
	GlobalSection(SolutionProperties) = preSolution
		HideSolutionNode = FALSE
	EndGlobalSection
	GlobalSection(ExtensibilityGlobals) = postSolution
		SolutionGuid = {2E9B301D-8D6F-4DEE-8584-41D349694AEF}
	EndGlobalSection
EndGlobal
